
Microsoft Visual Studio Solution File, Format Version 12.00
# Visual Studio Version 17
VisualStudioVersion = 17.7.34003.232
MinimumVisualStudioVersion = 10.0.40219.1
Project("{2150E333-8FDC-42A3-9474-1A3956D46DE8}") = "Core", "Core", "{02D9945A-E118-4180-A425-5429C40BC7DA}"
EndProject
Project("{FAE04EC0-301F-11D3-BF4B-00C04F79EFBC}") = "YetGit.Application", "Core\YetGit.Application\YetGit.Application.csproj", "{CD06712B-49F5-44C4-ACD9-25837E1D9DCE}"
EndProject
Global
	GlobalSection(SolutionConfigurationPlatforms) = preSolution
		Debug|Any CPU = Debug|Any CPU
		Release|Any CPU = Release|Any CPU
	EndGlobalSection
	GlobalSection(ProjectConfigurationPlatforms) = postSolution
		{CD06712B-49F5-44C4-ACD9-25837E1D9DCE}.Debug|Any CPU.ActiveCfg = Debug|Any CPU
		{CD06712B-49F5-44C4-ACD9-25837E1D9DCE}.Debug|Any CPU.Build.0 = Debug|Any CPU
		{CD06712B-49F5-44C4-ACD9-25837E1D9DCE}.Release|Any CPU.ActiveCfg = Release|Any CPU
		{CD06712B-49F5-44C4-ACD9-25837E1D9DCE}.Release|Any CPU.Build.0 = Release|Any CPU
	EndGlobalSection
	GlobalSection(SolutionProperties) = preSolution
		HideSolutionNode = FALSE
	EndGlobalSection
	GlobalSection(NestedProjects) = preSolution
		{CD06712B-49F5-44C4-ACD9-25837E1D9DCE} = {02D9945A-E118-4180-A425-5429C40BC7DA}
	EndGlobalSection
	GlobalSection(ExtensibilityGlobals) = postSolution
		SolutionGuid = {F867F679-9FB1-41D0-913B-08AD6265FE5D}
	EndGlobalSection
EndGlobal
